// !$*UTF8*$!
{
	archiveVersion = 1;
	classes = {
	};
	objectVersion = 56;
	objects = {

/* Begin PBXBuildFile section */
		202EDC912A14711200CE859A /* AppDelegate.swift in Sources */ = {isa = PBXBuildFile; fileRef = 202EDC902A14711200CE859A /* AppDelegate.swift */; };
		202EDC932A14711200CE859A /* SceneDelegate.swift in Sources */ = {isa = PBXBuildFile; fileRef = 202EDC922A14711200CE859A /* SceneDelegate.swift */; };
		202EDC952A14711200CE859A /* ViewController.swift in Sources */ = {isa = PBXBuildFile; fileRef = 202EDC942A14711200CE859A /* ViewController.swift */; };
		202EDC982A14711200CE859A /* Main.storyboard in Resources */ = {isa = PBXBuildFile; fileRef = 202EDC962A14711200CE859A /* Main.storyboard */; };
		202EDC9A2A14711200CE859A /* Assets.xcassets in Resources */ = {isa = PBXBuildFile; fileRef = 202EDC992A14711200CE859A /* Assets.xcassets */; };
		202EDC9D2A14711200CE859A /* LaunchScreen.storyboard in Resources */ = {isa = PBXBuildFile; fileRef = 202EDC9B2A14711200CE859A /* LaunchScreen.storyboard */; };
		202EDCA82A14711300CE859A /* business_appTests.swift in Sources */ = {isa = PBXBuildFile; fileRef = 202EDCA72A14711300CE859A /* business_appTests.swift */; };
		202EDCB22A14711300CE859A /* business_appUITests.swift in Sources */ = {isa = PBXBuildFile; fileRef = 202EDCB12A14711300CE859A /* business_appUITests.swift */; };
		202EDCB42A14711300CE859A /* business_appUITestsLaunchTests.swift in Sources */ = {isa = PBXBuildFile; fileRef = 202EDCB32A14711300CE859A /* business_appUITestsLaunchTests.swift */; };
		2DCE9FC6B1F3BFBF647E9DCD /* Pods_business_app.framework in Frameworks */ = {isa = PBXBuildFile; fileRef = 361FE28844A0890D8240B5BC /* Pods_business_app.framework */; };
		C0A9F46251D2636B373D6429 /* Pods_business_app_business_appUITests.framework in Frameworks */ = {isa = PBXBuildFile; fileRef = F0D65103B8F1459D45F19F24 /* Pods_business_app_business_appUITests.framework */; };
		E8E63A4BEDDABC641FB754F6 /* Pods_business_appTests.framework in Frameworks */ = {isa = PBXBuildFile; fileRef = CF5C523B3D265E06DB6A6B99 /* Pods_business_appTests.framework */; };
/* End PBXBuildFile section */

/* Begin PBXContainerItemProxy section */
		202EDCA42A14711300CE859A /* PBXContainerItemProxy */ = {
			isa = PBXContainerItemProxy;
			containerPortal = 202EDC852A14711200CE859A /* Project object */;
			proxyType = 1;
			remoteGlobalIDString = 202EDC8C2A14711200CE859A;
			remoteInfo = "business-app";
		};
		202EDCAE2A14711300CE859A /* PBXContainerItemProxy */ = {
			isa = PBXContainerItemProxy;
			containerPortal = 202EDC852A14711200CE859A /* Project object */;
			proxyType = 1;
			remoteGlobalIDString = 202EDC8C2A14711200CE859A;
			remoteInfo = "business-app";
		};
/* End PBXContainerItemProxy section */

/* Begin PBXFileReference section */
		0442E54D184779CA89FC5B02 /* Pods-business-app-business-appUITests.debug.xcconfig */ = {isa = PBXFileReference; includeInIndex = 1; lastKnownFileType = text.xcconfig; name = "Pods-business-app-business-appUITests.debug.xcconfig"; path = "Target Support Files/Pods-business-app-business-appUITests/Pods-business-app-business-appUITests.debug.xcconfig"; sourceTree = "<group>"; };
		202EDC8D2A14711200CE859A /* business-app.app */ = {isa = PBXFileReference; explicitFileType = wrapper.application; includeInIndex = 0; path = "business-app.app"; sourceTree = BUILT_PRODUCTS_DIR; };
		202EDC902A14711200CE859A /* AppDelegate.swift */ = {isa = PBXFileReference; lastKnownFileType = sourcecode.swift; path = AppDelegate.swift; sourceTree = "<group>"; };
		202EDC922A14711200CE859A /* SceneDelegate.swift */ = {isa = PBXFileReference; lastKnownFileType = sourcecode.swift; path = SceneDelegate.swift; sourceTree = "<group>"; };
		202EDC942A14711200CE859A /* ViewController.swift */ = {isa = PBXFileReference; lastKnownFileType = sourcecode.swift; path = ViewController.swift; sourceTree = "<group>"; };
		202EDC972A14711200CE859A /* Base */ = {isa = PBXFileReference; lastKnownFileType = file.storyboard; name = Base; path = Base.lproj/Main.storyboard; sourceTree = "<group>"; };
		202EDC992A14711200CE859A /* Assets.xcassets */ = {isa = PBXFileReference; lastKnownFileType = folder.assetcatalog; path = Assets.xcassets; sourceTree = "<group>"; };
		202EDC9C2A14711200CE859A /* Base */ = {isa = PBXFileReference; lastKnownFileType = file.storyboard; name = Base; path = Base.lproj/LaunchScreen.storyboard; sourceTree = "<group>"; };
		202EDC9E2A14711200CE859A /* Info.plist */ = {isa = PBXFileReference; lastKnownFileType = text.plist.xml; path = Info.plist; sourceTree = "<group>"; };
		202EDCA32A14711300CE859A /* business-appTests.xctest */ = {isa = PBXFileReference; explicitFileType = wrapper.cfbundle; includeInIndex = 0; path = "business-appTests.xctest"; sourceTree = BUILT_PRODUCTS_DIR; };
		202EDCA72A14711300CE859A /* business_appTests.swift */ = {isa = PBXFileReference; lastKnownFileType = sourcecode.swift; path = business_appTests.swift; sourceTree = "<group>"; };
		202EDCAD2A14711300CE859A /* business-appUITests.xctest */ = {isa = PBXFileReference; explicitFileType = wrapper.cfbundle; includeInIndex = 0; path = "business-appUITests.xctest"; sourceTree = BUILT_PRODUCTS_DIR; };
		202EDCB12A14711300CE859A /* business_appUITests.swift */ = {isa = PBXFileReference; lastKnownFileType = sourcecode.swift; path = business_appUITests.swift; sourceTree = "<group>"; };
		202EDCB32A14711300CE859A /* business_appUITestsLaunchTests.swift */ = {isa = PBXFileReference; lastKnownFileType = sourcecode.swift; path = business_appUITestsLaunchTests.swift; sourceTree = "<group>"; };
		257440EECC1D7A84C3A70B7B /* Pods-business-appTests.release.xcconfig */ = {isa = PBXFileReference; includeInIndex = 1; lastKnownFileType = text.xcconfig; name = "Pods-business-appTests.release.xcconfig"; path = "Target Support Files/Pods-business-appTests/Pods-business-appTests.release.xcconfig"; sourceTree = "<group>"; };
		361FE28844A0890D8240B5BC /* Pods_business_app.framework */ = {isa = PBXFileReference; explicitFileType = wrapper.framework; includeInIndex = 0; path = Pods_business_app.framework; sourceTree = BUILT_PRODUCTS_DIR; };
		80DB7E334BA542CB385F00BE /* Pods-business-app.debug.xcconfig */ = {isa = PBXFileReference; includeInIndex = 1; lastKnownFileType = text.xcconfig; name = "Pods-business-app.debug.xcconfig"; path = "Target Support Files/Pods-business-app/Pods-business-app.debug.xcconfig"; sourceTree = "<group>"; };
		B0A65D84C3E3626103D598B7 /* Pods-business-appTests.debug.xcconfig */ = {isa = PBXFileReference; includeInIndex = 1; lastKnownFileType = text.xcconfig; name = "Pods-business-appTests.debug.xcconfig"; path = "Target Support Files/Pods-business-appTests/Pods-business-appTests.debug.xcconfig"; sourceTree = "<group>"; };
		CC481F28E46B0509D327C6D7 /* Pods-business-app.release.xcconfig */ = {isa = PBXFileReference; includeInIndex = 1; lastKnownFileType = text.xcconfig; name = "Pods-business-app.release.xcconfig"; path = "Target Support Files/Pods-business-app/Pods-business-app.release.xcconfig"; sourceTree = "<group>"; };
		CF5C523B3D265E06DB6A6B99 /* Pods_business_appTests.framework */ = {isa = PBXFileReference; explicitFileType = wrapper.framework; includeInIndex = 0; path = Pods_business_appTests.framework; sourceTree = BUILT_PRODUCTS_DIR; };
		F0D65103B8F1459D45F19F24 /* Pods_business_app_business_appUITests.framework */ = {isa = PBXFileReference; explicitFileType = wrapper.framework; includeInIndex = 0; path = Pods_business_app_business_appUITests.framework; sourceTree = BUILT_PRODUCTS_DIR; };
		FF228E25704E2D15616BD257 /* Pods-business-app-business-appUITests.release.xcconfig */ = {isa = PBXFileReference; includeInIndex = 1; lastKnownFileType = text.xcconfig; name = "Pods-business-app-business-appUITests.release.xcconfig"; path = "Target Support Files/Pods-business-app-business-appUITests/Pods-business-app-business-appUITests.release.xcconfig"; sourceTree = "<group>"; };
/* End PBXFileReference section */

/* Begin PBXFrameworksBuildPhase section */
		202EDC8A2A14711200CE859A /* Frameworks */ = {
			isa = PBXFrameworksBuildPhase;
			buildActionMask = 2147483647;
			files = (
				2DCE9FC6B1F3BFBF647E9DCD /* Pods_business_app.framework in Frameworks */,
			);
			runOnlyForDeploymentPostprocessing = 0;
		};
		202EDCA02A14711300CE859A /* Frameworks */ = {
			isa = PBXFrameworksBuildPhase;
			buildActionMask = 2147483647;
			files = (
				E8E63A4BEDDABC641FB754F6 /* Pods_business_appTests.framework in Frameworks */,
			);
			runOnlyForDeploymentPostprocessing = 0;
		};
		202EDCAA2A14711300CE859A /* Frameworks */ = {
			isa = PBXFrameworksBuildPhase;
			buildActionMask = 2147483647;
			files = (
				C0A9F46251D2636B373D6429 /* Pods_business_app_business_appUITests.framework in Frameworks */,
			);
			runOnlyForDeploymentPostprocessing = 0;
		};
/* End PBXFrameworksBuildPhase section */

/* Begin PBXGroup section */
		202EDC842A14711200CE859A = {
			isa = PBXGroup;
			children = (
				202EDC8F2A14711200CE859A /* business-app */,
				202EDCA62A14711300CE859A /* business-appTests */,
				202EDCB02A14711300CE859A /* business-appUITests */,
				202EDC8E2A14711200CE859A /* Products */,
				332345929B2B95CF853BBCAA /* Pods */,
				C8343F91727413294D7765FB /* Frameworks */,
			);
			sourceTree = "<group>";
		};
		202EDC8E2A14711200CE859A /* Products */ = {
			isa = PBXGroup;
			children = (
				202EDC8D2A14711200CE859A /* business-app.app */,
				202EDCA32A14711300CE859A /* business-appTests.xctest */,
				202EDCAD2A14711300CE859A /* business-appUITests.xctest */,
			);
			name = Products;
			sourceTree = "<group>";
		};
		202EDC8F2A14711200CE859A /* business-app */ = {
			isa = PBXGroup;
			children = (
				202EDC902A14711200CE859A /* AppDelegate.swift */,
				202EDC922A14711200CE859A /* SceneDelegate.swift */,
				202EDC942A14711200CE859A /* ViewController.swift */,
				202EDC962A14711200CE859A /* Main.storyboard */,
				202EDC992A14711200CE859A /* Assets.xcassets */,
				202EDC9B2A14711200CE859A /* LaunchScreen.storyboard */,
				202EDC9E2A14711200CE859A /* Info.plist */,
			);
			path = "business-app";
			sourceTree = "<group>";
		};
		202EDCA62A14711300CE859A /* business-appTests */ = {
			isa = PBXGroup;
			children = (
				202EDCA72A14711300CE859A /* business_appTests.swift */,
			);
			path = "business-appTests";
			sourceTree = "<group>";
		};
		202EDCB02A14711300CE859A /* business-appUITests */ = {
			isa = PBXGroup;
			children = (
				202EDCB12A14711300CE859A /* business_appUITests.swift */,
				202EDCB32A14711300CE859A /* business_appUITestsLaunchTests.swift */,
			);
			path = "business-appUITests";
			sourceTree = "<group>";
		};
		332345929B2B95CF853BBCAA /* Pods */ = {
			isa = PBXGroup;
			children = (
				80DB7E334BA542CB385F00BE /* Pods-business-app.debug.xcconfig */,
				CC481F28E46B0509D327C6D7 /* Pods-business-app.release.xcconfig */,
				0442E54D184779CA89FC5B02 /* Pods-business-app-business-appUITests.debug.xcconfig */,
				FF228E25704E2D15616BD257 /* Pods-business-app-business-appUITests.release.xcconfig */,
				B0A65D84C3E3626103D598B7 /* Pods-business-appTests.debug.xcconfig */,
				257440EECC1D7A84C3A70B7B /* Pods-business-appTests.release.xcconfig */,
			);
			name = Pods;
			path = Pods;
			sourceTree = "<group>";
		};
		C8343F91727413294D7765FB /* Frameworks */ = {
			isa = PBXGroup;
			children = (
				361FE28844A0890D8240B5BC /* Pods_business_app.framework */,
				F0D65103B8F1459D45F19F24 /* Pods_business_app_business_appUITests.framework */,
				CF5C523B3D265E06DB6A6B99 /* Pods_business_appTests.framework */,
			);
			name = Frameworks;
			sourceTree = "<group>";
		};
/* End PBXGroup section */

/* Begin PBXNativeTarget section */
		202EDC8C2A14711200CE859A /* business-app */ = {
			isa = PBXNativeTarget;
			buildConfigurationList = 202EDCB72A14711300CE859A /* Build configuration list for PBXNativeTarget "business-app" */;
			buildPhases = (
				86152DF0866D4E0EB32AE382 /* [CP] Check Pods Manifest.lock */,
				202EDC892A14711200CE859A /* Sources */,
				202EDC8A2A14711200CE859A /* Frameworks */,
				202EDC8B2A14711200CE859A /* Resources */,
				6BC939966690516187D1D26F /* [CP] Embed Pods Frameworks */,
			);
			buildRules = (
			);
			dependencies = (
			);
			name = "business-app";
			productName = "business-app";
			productReference = 202EDC8D2A14711200CE859A /* business-app.app */;
			productType = "com.apple.product-type.application";
		};
		202EDCA22A14711300CE859A /* business-appTests */ = {
			isa = PBXNativeTarget;
			buildConfigurationList = 202EDCBA2A14711300CE859A /* Build configuration list for PBXNativeTarget "business-appTests" */;
			buildPhases = (
				768EAD1F21F89D3069B6B630 /* [CP] Check Pods Manifest.lock */,
				202EDC9F2A14711300CE859A /* Sources */,
				202EDCA02A14711300CE859A /* Frameworks */,
				202EDCA12A14711300CE859A /* Resources */,
			);
			buildRules = (
			);
			dependencies = (
				202EDCA52A14711300CE859A /* PBXTargetDependency */,
			);
			name = "business-appTests";
			productName = "business-appTests";
			productReference = 202EDCA32A14711300CE859A /* business-appTests.xctest */;
			productType = "com.apple.product-type.bundle.unit-test";
		};
		202EDCAC2A14711300CE859A /* business-appUITests */ = {
			isa = PBXNativeTarget;
			buildConfigurationList = 202EDCBD2A14711300CE859A /* Build configuration list for PBXNativeTarget "business-appUITests" */;
			buildPhases = (
				5DBBAC2930A478D7569CAE35 /* [CP] Check Pods Manifest.lock */,
				202EDCA92A14711300CE859A /* Sources */,
				202EDCAA2A14711300CE859A /* Frameworks */,
				202EDCAB2A14711300CE859A /* Resources */,
				6F4091EA4D9ADC322DD47586 /* [CP] Embed Pods Frameworks */,
			);
			buildRules = (
			);
			dependencies = (
				202EDCAF2A14711300CE859A /* PBXTargetDependency */,
			);
			name = "business-appUITests";
			productName = "business-appUITests";
			productReference = 202EDCAD2A14711300CE859A /* business-appUITests.xctest */;
			productType = "com.apple.product-type.bundle.ui-testing";
		};
/* End PBXNativeTarget section */

/* Begin PBXProject section */
		202EDC852A14711200CE859A /* Project object */ = {
			isa = PBXProject;
			attributes = {
				BuildIndependentTargetsInParallel = 1;
				LastSwiftUpdateCheck = 1430;
				LastUpgradeCheck = 1430;
				TargetAttributes = {
					202EDC8C2A14711200CE859A = {
						CreatedOnToolsVersion = 14.3;
					};
					202EDCA22A14711300CE859A = {
						CreatedOnToolsVersion = 14.3;
						TestTargetID = 202EDC8C2A14711200CE859A;
					};
					202EDCAC2A14711300CE859A = {
						CreatedOnToolsVersion = 14.3;
						TestTargetID = 202EDC8C2A14711200CE859A;
					};
				};
			};
			buildConfigurationList = 202EDC882A14711200CE859A /* Build configuration list for PBXProject "business-app" */;
			compatibilityVersion = "Xcode 14.0";
			developmentRegion = en;
			hasScannedForEncodings = 0;
			knownRegions = (
				en,
				Base,
			);
			mainGroup = 202EDC842A14711200CE859A;
			productRefGroup = 202EDC8E2A14711200CE859A /* Products */;
			projectDirPath = "";
			projectRoot = "";
			targets = (
				202EDC8C2A14711200CE859A /* business-app */,
				202EDCA22A14711300CE859A /* business-appTests */,
				202EDCAC2A14711300CE859A /* business-appUITests */,
			);
		};
/* End PBXProject section */

/* Begin PBXResourcesBuildPhase section */
		202EDC8B2A14711200CE859A /* Resources */ = {
			isa = PBXResourcesBuildPhase;
			buildActionMask = 2147483647;
			files = (
				202EDC9D2A14711200CE859A /* LaunchScreen.storyboard in Resources */,
				202EDC9A2A14711200CE859A /* Assets.xcassets in Resources */,
				202EDC982A14711200CE859A /* Main.storyboard in Resources */,
			);
			runOnlyForDeploymentPostprocessing = 0;
		};
		202EDCA12A14711300CE859A /* Resources */ = {
			isa = PBXResourcesBuildPhase;
			buildActionMask = 2147483647;
			files = (
			);
			runOnlyForDeploymentPostprocessing = 0;
		};
		202EDCAB2A14711300CE859A /* Resources */ = {
			isa = PBXResourcesBuildPhase;
			buildActionMask = 2147483647;
			files = (
			);
			runOnlyForDeploymentPostprocessing = 0;
		};
/* End PBXResourcesBuildPhase section */

/* Begin PBXShellScriptBuildPhase section */
		5DBBAC2930A478D7569CAE35 /* [CP] Check Pods Manifest.lock */ = {
			isa = PBXShellScriptBuildPhase;
			buildActionMask = 2147483647;
			files = (
			);
			inputFileListPaths = (
			);
			inputPaths = (
				"${PODS_PODFILE_DIR_PATH}/Podfile.lock",
				"${PODS_ROOT}/Manifest.lock",
			);
			name = "[CP] Check Pods Manifest.lock";
			outputFileListPaths = (
			);
			outputPaths = (
				"$(DERIVED_FILE_DIR)/Pods-business-app-business-appUITests-checkManifestLockResult.txt",
			);
			runOnlyForDeploymentPostprocessing = 0;
			shellPath = /bin/sh;
			shellScript = "diff \"${PODS_PODFILE_DIR_PATH}/Podfile.lock\" \"${PODS_ROOT}/Manifest.lock\" > /dev/null\nif [ $? != 0 ] ; then\n    # print error to STDERR\n    echo \"error: The sandbox is not in sync with the Podfile.lock. Run 'pod install' or update your CocoaPods installation.\" >&2\n    exit 1\nfi\n# This output is used by Xcode 'outputs' to avoid re-running this script phase.\necho \"SUCCESS\" > \"${SCRIPT_OUTPUT_FILE_0}\"\n";
			showEnvVarsInLog = 0;
		};
		6BC939966690516187D1D26F /* [CP] Embed Pods Frameworks */ = {
			isa = PBXShellScriptBuildPhase;
			buildActionMask = 2147483647;
			files = (
			);
			inputFileListPaths = (
				"${PODS_ROOT}/Target Support Files/Pods-business-app/Pods-business-app-frameworks-${CONFIGURATION}-input-files.xcfilelist",
			);
			name = "[CP] Embed Pods Frameworks";
			outputFileListPaths = (
				"${PODS_ROOT}/Target Support Files/Pods-business-app/Pods-business-app-frameworks-${CONFIGURATION}-output-files.xcfilelist",
			);
			runOnlyForDeploymentPostprocessing = 0;
			shellPath = /bin/sh;
			shellScript = "\"${PODS_ROOT}/Target Support Files/Pods-business-app/Pods-business-app-frameworks.sh\"\n";
			showEnvVarsInLog = 0;
		};
		6F4091EA4D9ADC322DD47586 /* [CP] Embed Pods Frameworks */ = {
			isa = PBXShellScriptBuildPhase;
			buildActionMask = 2147483647;
			files = (
			);
			inputFileListPaths = (
				"${PODS_ROOT}/Target Support Files/Pods-business-app-business-appUITests/Pods-business-app-business-appUITests-frameworks-${CONFIGURATION}-input-files.xcfilelist",
			);
			name = "[CP] Embed Pods Frameworks";
			outputFileListPaths = (
				"${PODS_ROOT}/Target Support Files/Pods-business-app-business-appUITests/Pods-business-app-business-appUITests-frameworks-${CONFIGURATION}-output-files.xcfilelist",
			);
			runOnlyForDeploymentPostprocessing = 0;
			shellPath = /bin/sh;
			shellScript = "\"${PODS_ROOT}/Target Support Files/Pods-business-app-business-appUITests/Pods-business-app-business-appUITests-frameworks.sh\"\n";
			showEnvVarsInLog = 0;
		};
		768EAD1F21F89D3069B6B630 /* [CP] Check Pods Manifest.lock */ = {
			isa = PBXShellScriptBuildPhase;
			buildActionMask = 2147483647;
			files = (
			);
			inputFileListPaths = (
			);
			inputPaths = (
				"${PODS_PODFILE_DIR_PATH}/Podfile.lock",
				"${PODS_ROOT}/Manifest.lock",
			);
			name = "[CP] Check Pods Manifest.lock";
			outputFileListPaths = (
			);
			outputPaths = (
				"$(DERIVED_FILE_DIR)/Pods-business-appTests-checkManifestLockResult.txt",
			);
			runOnlyForDeploymentPostprocessing = 0;
			shellPath = /bin/sh;
			shellScript = "diff \"${PODS_PODFILE_DIR_PATH}/Podfile.lock\" \"${PODS_ROOT}/Manifest.lock\" > /dev/null\nif [ $? != 0 ] ; then\n    # print error to STDERR\n    echo \"error: The sandbox is not in sync with the Podfile.lock. Run 'pod install' or update your CocoaPods installation.\" >&2\n    exit 1\nfi\n# This output is used by Xcode 'outputs' to avoid re-running this script phase.\necho \"SUCCESS\" > \"${SCRIPT_OUTPUT_FILE_0}\"\n";
			showEnvVarsInLog = 0;
		};
		86152DF0866D4E0EB32AE382 /* [CP] Check Pods Manifest.lock */ = {
			isa = PBXShellScriptBuildPhase;
			buildActionMask = 2147483647;
			files = (
			);
			inputFileListPaths = (
			);
			inputPaths = (
				"${PODS_PODFILE_DIR_PATH}/Podfile.lock",
				"${PODS_ROOT}/Manifest.lock",
			);
			name = "[CP] Check Pods Manifest.lock";
			outputFileListPaths = (
			);
			outputPaths = (
				"$(DERIVED_FILE_DIR)/Pods-business-app-checkManifestLockResult.txt",
			);
			runOnlyForDeploymentPostprocessing = 0;
			shellPath = /bin/sh;
			shellScript = "diff \"${PODS_PODFILE_DIR_PATH}/Podfile.lock\" \"${PODS_ROOT}/Manifest.lock\" > /dev/null\nif [ $? != 0 ] ; then\n    # print error to STDERR\n    echo \"error: The sandbox is not in sync with the Podfile.lock. Run 'pod install' or update your CocoaPods installation.\" >&2\n    exit 1\nfi\n# This output is used by Xcode 'outputs' to avoid re-running this script phase.\necho \"SUCCESS\" > \"${SCRIPT_OUTPUT_FILE_0}\"\n";
			showEnvVarsInLog = 0;
		};
/* End PBXShellScriptBuildPhase section */

/* Begin PBXSourcesBuildPhase section */
		202EDC892A14711200CE859A /* Sources */ = {
			isa = PBXSourcesBuildPhase;
			buildActionMask = 2147483647;
			files = (
				202EDC952A14711200CE859A /* ViewController.swift in Sources */,
				202EDC912A14711200CE859A /* AppDelegate.swift in Sources */,
				202EDC932A14711200CE859A /* SceneDelegate.swift in Sources */,
			);
			runOnlyForDeploymentPostprocessing = 0;
		};
		202EDC9F2A14711300CE859A /* Sources */ = {
			isa = PBXSourcesBuildPhase;
			buildActionMask = 2147483647;
			files = (
				202EDCA82A14711300CE859A /* business_appTests.swift in Sources */,
			);
			runOnlyForDeploymentPostprocessing = 0;
		};
		202EDCA92A14711300CE859A /* Sources */ = {
			isa = PBXSourcesBuildPhase;
			buildActionMask = 2147483647;
			files = (
				202EDCB42A14711300CE859A /* business_appUITestsLaunchTests.swift in Sources */,
				202EDCB22A14711300CE859A /* business_appUITests.swift in Sources */,
			);
			runOnlyForDeploymentPostprocessing = 0;
		};
/* End PBXSourcesBuildPhase section */

/* Begin PBXTargetDependency section */
		202EDCA52A14711300CE859A /* PBXTargetDependency */ = {
			isa = PBXTargetDependency;
			target = 202EDC8C2A14711200CE859A /* business-app */;
			targetProxy = 202EDCA42A14711300CE859A /* PBXContainerItemProxy */;
		};
		202EDCAF2A14711300CE859A /* PBXTargetDependency */ = {
			isa = PBXTargetDependency;
			target = 202EDC8C2A14711200CE859A /* business-app */;
			targetProxy = 202EDCAE2A14711300CE859A /* PBXContainerItemProxy */;
		};
/* End PBXTargetDependency section */

/* Begin PBXVariantGroup section */
		202EDC962A14711200CE859A /* Main.storyboard */ = {
			isa = PBXVariantGroup;
			children = (
				202EDC972A14711200CE859A /* Base */,
			);
			name = Main.storyboard;
			sourceTree = "<group>";
		};
		202EDC9B2A14711200CE859A /* LaunchScreen.storyboard */ = {
			isa = PBXVariantGroup;
			children = (
				202EDC9C2A14711200CE859A /* Base */,
			);
			name = LaunchScreen.storyboard;
			sourceTree = "<group>";
		};
/* End PBXVariantGroup section */

/* Begin XCBuildConfiguration section */
		202EDCB52A14711300CE859A /* Debug */ = {
			isa = XCBuildConfiguration;
			buildSettings = {
				ALWAYS_SEARCH_USER_PATHS = NO;
				CLANG_ANALYZER_NONNULL = YES;
				CLANG_ANALYZER_NUMBER_OBJECT_CONVERSION = YES_AGGRESSIVE;
				CLANG_CXX_LANGUAGE_STANDARD = "gnu++20";
				CLANG_ENABLE_MODULES = YES;
				CLANG_ENABLE_OBJC_ARC = YES;
				CLANG_ENABLE_OBJC_WEAK = YES;
				CLANG_WARN_BLOCK_CAPTURE_AUTORELEASING = YES;
				CLANG_WARN_BOOL_CONVERSION = YES;
				CLANG_WARN_COMMA = YES;
				CLANG_WARN_CONSTANT_CONVERSION = YES;
				CLANG_WARN_DEPRECATED_OBJC_IMPLEMENTATIONS = YES;
				CLANG_WARN_DIRECT_OBJC_ISA_USAGE = YES_ERROR;
				CLANG_WARN_DOCUMENTATION_COMMENTS = YES;
				CLANG_WARN_EMPTY_BODY = YES;
				CLANG_WARN_ENUM_CONVERSION = YES;
				CLANG_WARN_INFINITE_RECURSION = YES;
				CLANG_WARN_INT_CONVERSION = YES;
				CLANG_WARN_NON_LITERAL_NULL_CONVERSION = YES;
				CLANG_WARN_OBJC_IMPLICIT_RETAIN_SELF = YES;
				CLANG_WARN_OBJC_LITERAL_CONVERSION = YES;
				CLANG_WARN_OBJC_ROOT_CLASS = YES_ERROR;
				CLANG_WARN_QUOTED_INCLUDE_IN_FRAMEWORK_HEADER = YES;
				CLANG_WARN_RANGE_LOOP_ANALYSIS = YES;
				CLANG_WARN_STRICT_PROTOTYPES = YES;
				CLANG_WARN_SUSPICIOUS_MOVE = YES;
				CLANG_WARN_UNGUARDED_AVAILABILITY = YES_AGGRESSIVE;
				CLANG_WARN_UNREACHABLE_CODE = YES;
				CLANG_WARN__DUPLICATE_METHOD_MATCH = YES;
				COPY_PHASE_STRIP = NO;
				DEBUG_INFORMATION_FORMAT = dwarf;
				ENABLE_STRICT_OBJC_MSGSEND = YES;
				ENABLE_TESTABILITY = YES;
				GCC_C_LANGUAGE_STANDARD = gnu11;
				GCC_DYNAMIC_NO_PIC = NO;
				GCC_NO_COMMON_BLOCKS = YES;
				GCC_OPTIMIZATION_LEVEL = 0;
				GCC_PREPROCESSOR_DEFINITIONS = (
					"DEBUG=1",
					"$(inherited)",
				);
				GCC_WARN_64_TO_32_BIT_CONVERSION = YES;
				GCC_WARN_ABOUT_RETURN_TYPE = YES_ERROR;
				GCC_WARN_UNDECLARED_SELECTOR = YES;
				GCC_WARN_UNINITIALIZED_AUTOS = YES_AGGRESSIVE;
				GCC_WARN_UNUSED_FUNCTION = YES;
				GCC_WARN_UNUSED_VARIABLE = YES;
				IPHONEOS_DEPLOYMENT_TARGET = 16.4;
				MTL_ENABLE_DEBUG_INFO = INCLUDE_SOURCE;
				MTL_FAST_MATH = YES;
				ONLY_ACTIVE_ARCH = YES;
				SDKROOT = iphoneos;
				SWIFT_ACTIVE_COMPILATION_CONDITIONS = DEBUG;
				SWIFT_OPTIMIZATION_LEVEL = "-Onone";
			};
			name = Debug;
		};
		202EDCB62A14711300CE859A /* Release */ = {
			isa = XCBuildConfiguration;
			buildSettings = {
				ALWAYS_SEARCH_USER_PATHS = NO;
				CLANG_ANALYZER_NONNULL = YES;
				CLANG_ANALYZER_NUMBER_OBJECT_CONVERSION = YES_AGGRESSIVE;
				CLANG_CXX_LANGUAGE_STANDARD = "gnu++20";
				CLANG_ENABLE_MODULES = YES;
				CLANG_ENABLE_OBJC_ARC = YES;
				CLANG_ENABLE_OBJC_WEAK = YES;
				CLANG_WARN_BLOCK_CAPTURE_AUTORELEASING = YES;
				CLANG_WARN_BOOL_CONVERSION = YES;
				CLANG_WARN_COMMA = YES;
				CLANG_WARN_CONSTANT_CONVERSION = YES;
				CLANG_WARN_DEPRECATED_OBJC_IMPLEMENTATIONS = YES;
				CLANG_WARN_DIRECT_OBJC_ISA_USAGE = YES_ERROR;
				CLANG_WARN_DOCUMENTATION_COMMENTS = YES;
				CLANG_WARN_EMPTY_BODY = YES;
				CLANG_WARN_ENUM_CONVERSION = YES;
				CLANG_WARN_INFINITE_RECURSION = YES;
				CLANG_WARN_INT_CONVERSION = YES;
				CLANG_WARN_NON_LITERAL_NULL_CONVERSION = YES;
				CLANG_WARN_OBJC_IMPLICIT_RETAIN_SELF = YES;
				CLANG_WARN_OBJC_LITERAL_CONVERSION = YES;
				CLANG_WARN_OBJC_ROOT_CLASS = YES_ERROR;
				CLANG_WARN_QUOTED_INCLUDE_IN_FRAMEWORK_HEADER = YES;
				CLANG_WARN_RANGE_LOOP_ANALYSIS = YES;
				CLANG_WARN_STRICT_PROTOTYPES = YES;
				CLANG_WARN_SUSPICIOUS_MOVE = YES;
				CLANG_WARN_UNGUARDED_AVAILABILITY = YES_AGGRESSIVE;
				CLANG_WARN_UNREACHABLE_CODE = YES;
				CLANG_WARN__DUPLICATE_METHOD_MATCH = YES;
				COPY_PHASE_STRIP = NO;
				DEBUG_INFORMATION_FORMAT = "dwarf-with-dsym";
				ENABLE_NS_ASSERTIONS = NO;
				ENABLE_STRICT_OBJC_MSGSEND = YES;
				GCC_C_LANGUAGE_STANDARD = gnu11;
				GCC_NO_COMMON_BLOCKS = YES;
				GCC_WARN_64_TO_32_BIT_CONVERSION = YES;
				GCC_WARN_ABOUT_RETURN_TYPE = YES_ERROR;
				GCC_WARN_UNDECLARED_SELECTOR = YES;
				GCC_WARN_UNINITIALIZED_AUTOS = YES_AGGRESSIVE;
				GCC_WARN_UNUSED_FUNCTION = YES;
				GCC_WARN_UNUSED_VARIABLE = YES;
				IPHONEOS_DEPLOYMENT_TARGET = 16.4;
				MTL_ENABLE_DEBUG_INFO = NO;
				MTL_FAST_MATH = YES;
				SDKROOT = iphoneos;
				SWIFT_COMPILATION_MODE = wholemodule;
				SWIFT_OPTIMIZATION_LEVEL = "-O";
				VALIDATE_PRODUCT = YES;
			};
			name = Release;
		};
		202EDCB82A14711300CE859A /* Debug */ = {
			isa = XCBuildConfiguration;
			baseConfigurationReference = 80DB7E334BA542CB385F00BE /* Pods-business-app.debug.xcconfig */;
			buildSettings = {
				ASSETCATALOG_COMPILER_APPICON_NAME = AppIcon;
				ASSETCATALOG_COMPILER_GLOBAL_ACCENT_COLOR_NAME = AccentColor;
				CODE_SIGN_STYLE = Automatic;
				CURRENT_PROJECT_VERSION = 1;
				DEVELOPMENT_TEAM = 874S576UUN;
				GENERATE_INFOPLIST_FILE = YES;
				INFOPLIST_FILE = "business-app/Info.plist";
				INFOPLIST_KEY_UIApplicationSupportsIndirectInputEvents = YES;
				INFOPLIST_KEY_UILaunchStoryboardName = LaunchScreen;
				INFOPLIST_KEY_UIMainStoryboardFile = Main;
				INFOPLIST_KEY_UISupportedInterfaceOrientations_iPad = "UIInterfaceOrientationPortrait UIInterfaceOrientationPortraitUpsideDown UIInterfaceOrientationLandscapeLeft UIInterfaceOrientationLandscapeRight";
				INFOPLIST_KEY_UISupportedInterfaceOrientations_iPhone = "UIInterfaceOrientationPortrait UIInterfaceOrientationLandscapeLeft UIInterfaceOrientationLandscapeRight";
				LD_RUNPATH_SEARCH_PATHS = (
					"$(inherited)",
					"@executable_path/Frameworks",
				);
				MARKETING_VERSION = 1.0;
				PRODUCT_BUNDLE_IDENTIFIER = "UrayWidiansyah.business-app";
				PRODUCT_NAME = "$(TARGET_NAME)";
				SWIFT_EMIT_LOC_STRINGS = YES;
				SWIFT_VERSION = 5.0;
				TARGETED_DEVICE_FAMILY = "1,2";
			};
			name = Debug;
		};
		202EDCB92A14711300CE859A /* Release */ = {
			isa = XCBuildConfiguration;
			baseConfigurationReference = CC481F28E46B0509D327C6D7 /* Pods-business-app.release.xcconfig */;
			buildSettings = {
				ASSETCATALOG_COMPILER_APPICON_NAME = AppIcon;
				ASSETCATALOG_COMPILER_GLOBAL_ACCENT_COLOR_NAME = AccentColor;
				CODE_SIGN_STYLE = Automatic;
				CURRENT_PROJECT_VERSION = 1;
				DEVELOPMENT_TEAM = 874S576UUN;
				GENERATE_INFOPLIST_FILE = YES;
				INFOPLIST_FILE = "business-app/Info.plist";
				INFOPLIST_KEY_UIApplicationSupportsIndirectInputEvents = YES;
				INFOPLIST_KEY_UILaunchStoryboardName = LaunchScreen;
				INFOPLIST_KEY_UIMainStoryboardFile = Main;
				INFOPLIST_KEY_UISupportedInterfaceOrientations_iPad = "UIInterfaceOrientationPortrait UIInterfaceOrientationPortraitUpsideDown UIInterfaceOrientationLandscapeLeft UIInterfaceOrientationLandscapeRight";
				INFOPLIST_KEY_UISupportedInterfaceOrientations_iPhone = "UIInterfaceOrientationPortrait UIInterfaceOrientationLandscapeLeft UIInterfaceOrientationLandscapeRight";
				LD_RUNPATH_SEARCH_PATHS = (
					"$(inherited)",
					"@executable_path/Frameworks",
				);
				MARKETING_VERSION = 1.0;
				PRODUCT_BUNDLE_IDENTIFIER = "UrayWidiansyah.business-app";
				PRODUCT_NAME = "$(TARGET_NAME)";
				SWIFT_EMIT_LOC_STRINGS = YES;
				SWIFT_VERSION = 5.0;
				TARGETED_DEVICE_FAMILY = "1,2";
			};
			name = Release;
		};
		202EDCBB2A14711300CE859A /* Debug */ = {
			isa = XCBuildConfiguration;
			baseConfigurationReference = B0A65D84C3E3626103D598B7 /* Pods-business-appTests.debug.xcconfig */;
			buildSettings = {
				ALWAYS_EMBED_SWIFT_STANDARD_LIBRARIES = YES;
				BUNDLE_LOADER = "$(TEST_HOST)";
				CODE_SIGN_STYLE = Automatic;
				CURRENT_PROJECT_VERSION = 1;
				DEVELOPMENT_TEAM = 874S576UUN;
				GENERATE_INFOPLIST_FILE = YES;
				IPHONEOS_DEPLOYMENT_TARGET = 16.4;
				MARKETING_VERSION = 1.0;
				PRODUCT_BUNDLE_IDENTIFIER = "UrayWidiansyah.business-appTests";
				PRODUCT_NAME = "$(TARGET_NAME)";
				SWIFT_EMIT_LOC_STRINGS = NO;
				SWIFT_VERSION = 5.0;
				TARGETED_DEVICE_FAMILY = "1,2";
				TEST_HOST = "$(BUILT_PRODUCTS_DIR)/business-app.app/$(BUNDLE_EXECUTABLE_FOLDER_PATH)/business-app";
			};
			name = Debug;
		};
		202EDCBC2A14711300CE859A /* Release */ = {
			isa = XCBuildConfiguration;
			baseConfigurationReference = 257440EECC1D7A84C3A70B7B /* Pods-business-appTests.release.xcconfig */;
			buildSettings = {
				ALWAYS_EMBED_SWIFT_STANDARD_LIBRARIES = YES;
				BUNDLE_LOADER = "$(TEST_HOST)";
				CODE_SIGN_STYLE = Automatic;
				CURRENT_PROJECT_VERSION = 1;
				DEVELOPMENT_TEAM = 874S576UUN;
				GENERATE_INFOPLIST_FILE = YES;
				IPHONEOS_DEPLOYMENT_TARGET = 16.4;
				MARKETING_VERSION = 1.0;
				PRODUCT_BUNDLE_IDENTIFIER = "UrayWidiansyah.business-appTests";
				PRODUCT_NAME = "$(TARGET_NAME)";
				SWIFT_EMIT_LOC_STRINGS = NO;
				SWIFT_VERSION = 5.0;
				TARGETED_DEVICE_FAMILY = "1,2";
				TEST_HOST = "$(BUILT_PRODUCTS_DIR)/business-app.app/$(BUNDLE_EXECUTABLE_FOLDER_PATH)/business-app";
			};
			name = Release;
		};
		202EDCBE2A14711300CE859A /* Debug */ = {
			isa = XCBuildConfiguration;
			baseConfigurationReference = 0442E54D184779CA89FC5B02 /* Pods-business-app-business-appUITests.debug.xcconfig */;
			buildSettings = {
				ALWAYS_EMBED_SWIFT_STANDARD_LIBRARIES = YES;
				CODE_SIGN_STYLE = Automatic;
				CURRENT_PROJECT_VERSION = 1;
				DEVELOPMENT_TEAM = 874S576UUN;
				GENERATE_INFOPLIST_FILE = YES;
				MARKETING_VERSION = 1.0;
				PRODUCT_BUNDLE_IDENTIFIER = "UrayWidiansyah.business-appUITests";
				PRODUCT_NAME = "$(TARGET_NAME)";
				SWIFT_EMIT_LOC_STRINGS = NO;
				SWIFT_VERSION = 5.0;
				TARGETED_DEVICE_FAMILY = "1,2";
				TEST_TARGET_NAME = "business-app";
			};
			name = Debug;
		};
		202EDCBF2A14711300CE859A /* Release */ = {
			isa = XCBuildConfiguration;
			baseConfigurationReference = FF228E25704E2D15616BD257 /* Pods-business-app-business-appUITests.release.xcconfig */;
			buildSettings = {
				ALWAYS_EMBED_SWIFT_STANDARD_LIBRARIES = YES;
				CODE_SIGN_STYLE = Automatic;
				CURRENT_PROJECT_VERSION = 1;
				DEVELOPMENT_TEAM = 874S576UUN;
				GENERATE_INFOPLIST_FILE = YES;
				MARKETING_VERSION = 1.0;
				PRODUCT_BUNDLE_IDENTIFIER = "UrayWidiansyah.business-appUITests";
				PRODUCT_NAME = "$(TARGET_NAME)";
				SWIFT_EMIT_LOC_STRINGS = NO;
				SWIFT_VERSION = 5.0;
				TARGETED_DEVICE_FAMILY = "1,2";
				TEST_TARGET_NAME = "business-app";
			};
			name = Release;
		};
/* End XCBuildConfiguration section */

/* Begin XCConfigurationList section */
		202EDC882A14711200CE859A /* Build configuration list for PBXProject "business-app" */ = {
			isa = XCConfigurationList;
			buildConfigurations = (
				202EDCB52A14711300CE859A /* Debug */,
				202EDCB62A14711300CE859A /* Release */,
			);
			defaultConfigurationIsVisible = 0;
			defaultConfigurationName = Release;
		};
		202EDCB72A14711300CE859A /* Build configuration list for PBXNativeTarget "business-app" */ = {
			isa = XCConfigurationList;
			buildConfigurations = (
				202EDCB82A14711300CE859A /* Debug */,
				202EDCB92A14711300CE859A /* Release */,
			);
			defaultConfigurationIsVisible = 0;
			defaultConfigurationName = Release;
		};
		202EDCBA2A14711300CE859A /* Build configuration list for PBXNativeTarget "business-appTests" */ = {
			isa = XCConfigurationList;
			buildConfigurations = (
				202EDCBB2A14711300CE859A /* Debug */,
				202EDCBC2A14711300CE859A /* Release */,
			);
			defaultConfigurationIsVisible = 0;
			defaultConfigurationName = Release;
		};
		202EDCBD2A14711300CE859A /* Build configuration list for PBXNativeTarget "business-appUITests" */ = {
			isa = XCConfigurationList;
			buildConfigurations = (
				202EDCBE2A14711300CE859A /* Debug */,
				202EDCBF2A14711300CE859A /* Release */,
			);
			defaultConfigurationIsVisible = 0;
			defaultConfigurationName = Release;
		};
/* End XCConfigurationList section */
	};
	rootObject = 202EDC852A14711200CE859A /* Project object */;
}
